// !$*UTF8*$!
{
	archiveVersion = 1;
	classes = {
	};
	objectVersion = 50;
	objects = {

/* Begin PBXBuildFile section */
		9217F6322442216500236918 /* ItemRootView.swift in Sources */ = {isa = PBXBuildFile; fileRef = 9217F6312442216400236918 /* ItemRootView.swift */; };
		9221B9272441E25F003C0F98 /* AppDelegate.swift in Sources */ = {isa = PBXBuildFile; fileRef = 9221B9262441E25F003C0F98 /* AppDelegate.swift */; };
		9221B9292441E25F003C0F98 /* SceneDelegate.swift in Sources */ = {isa = PBXBuildFile; fileRef = 9221B9282441E25F003C0F98 /* SceneDelegate.swift */; };
		9221B92C2441E25F003C0F98 /* PasswordVault.xcdatamodeld in Sources */ = {isa = PBXBuildFile; fileRef = 9221B92A2441E25F003C0F98 /* PasswordVault.xcdatamodeld */; };
		9221B92E2441E25F003C0F98 /* ContentView.swift in Sources */ = {isa = PBXBuildFile; fileRef = 9221B92D2441E25F003C0F98 /* ContentView.swift */; };
		9221B9302441E268003C0F98 /* Assets.xcassets in Resources */ = {isa = PBXBuildFile; fileRef = 9221B92F2441E268003C0F98 /* Assets.xcassets */; };
		9221B9332441E268003C0F98 /* Preview Assets.xcassets in Resources */ = {isa = PBXBuildFile; fileRef = 9221B9322441E268003C0F98 /* Preview Assets.xcassets */; };
		9221B9362441E268003C0F98 /* LaunchScreen.storyboard in Resources */ = {isa = PBXBuildFile; fileRef = 9221B9342441E268003C0F98 /* LaunchScreen.storyboard */; };
/* End PBXBuildFile section */

/* Begin PBXFileReference section */
		9217F6312442216400236918 /* ItemRootView.swift */ = {isa = PBXFileReference; lastKnownFileType = sourcecode.swift; path = ItemRootView.swift; sourceTree = "<group>"; };
		9221B9232441E25F003C0F98 /* PasswordVault.app */ = {isa = PBXFileReference; explicitFileType = wrapper.application; includeInIndex = 0; path = PasswordVault.app; sourceTree = BUILT_PRODUCTS_DIR; };
		9221B9262441E25F003C0F98 /* AppDelegate.swift */ = {isa = PBXFileReference; lastKnownFileType = sourcecode.swift; path = AppDelegate.swift; sourceTree = "<group>"; };
		9221B9282441E25F003C0F98 /* SceneDelegate.swift */ = {isa = PBXFileReference; lastKnownFileType = sourcecode.swift; path = SceneDelegate.swift; sourceTree = "<group>"; };
		9221B92B2441E25F003C0F98 /* PasswordVault.xcdatamodel */ = {isa = PBXFileReference; lastKnownFileType = wrapper.xcdatamodel; path = PasswordVault.xcdatamodel; sourceTree = "<group>"; };
		9221B92D2441E25F003C0F98 /* ContentView.swift */ = {isa = PBXFileReference; lastKnownFileType = sourcecode.swift; path = ContentView.swift; sourceTree = "<group>"; };
		9221B92F2441E268003C0F98 /* Assets.xcassets */ = {isa = PBXFileReference; lastKnownFileType = folder.assetcatalog; path = Assets.xcassets; sourceTree = "<group>"; };
		9221B9322441E268003C0F98 /* Preview Assets.xcassets */ = {isa = PBXFileReference; lastKnownFileType = folder.assetcatalog; path = "Preview Assets.xcassets"; sourceTree = "<group>"; };
		9221B9352441E268003C0F98 /* Base */ = {isa = PBXFileReference; lastKnownFileType = file.storyboard; name = Base; path = Base.lproj/LaunchScreen.storyboard; sourceTree = "<group>"; };
		9221B9372441E268003C0F98 /* Info.plist */ = {isa = PBXFileReference; lastKnownFileType = text.plist.xml; path = Info.plist; sourceTree = "<group>"; };
/* End PBXFileReference section */

/* Begin PBXFrameworksBuildPhase section */
		9221B9202441E25F003C0F98 /* Frameworks */ = {
			isa = PBXFrameworksBuildPhase;
			buildActionMask = 2147483647;
			files = (
			);
			runOnlyForDeploymentPostprocessing = 0;
		};
/* End PBXFrameworksBuildPhase section */

/* Begin PBXGroup section */
		9221B91A2441E25F003C0F98 = {
			isa = PBXGroup;
			children = (
				9221B9252441E25F003C0F98 /* PasswordVault */,
				9221B9242441E25F003C0F98 /* Products */,
				C2FA5FAF4A56A30E8892CAA0 /* Frameworks */,
			);
			sourceTree = "<group>";
		};
		9221B9242441E25F003C0F98 /* Products */ = {
			isa = PBXGroup;
			children = (
				9221B9232441E25F003C0F98 /* PasswordVault.app */,
			);
			name = Products;
			sourceTree = "<group>";
		};
		9221B9252441E25F003C0F98 /* PasswordVault */ = {
			isa = PBXGroup;
			children = (
				9221B9262441E25F003C0F98 /* AppDelegate.swift */,
				9221B9282441E25F003C0F98 /* SceneDelegate.swift */,
				9221B92D2441E25F003C0F98 /* ContentView.swift */,
				9217F6312442216400236918 /* ItemRootView.swift */,
				9221B92F2441E268003C0F98 /* Assets.xcassets */,
				9221B9342441E268003C0F98 /* LaunchScreen.storyboard */,
				9221B9372441E268003C0F98 /* Info.plist */,
				9221B92A2441E25F003C0F98 /* PasswordVault.xcdatamodeld */,
				9221B9312441E268003C0F98 /* Preview Content */,
			);
			path = PasswordVault;
			sourceTree = "<group>";
		};
		9221B9312441E268003C0F98 /* Preview Content */ = {
			isa = PBXGroup;
			children = (
				9221B9322441E268003C0F98 /* Preview Assets.xcassets */,
			);
			path = "Preview Content";
			sourceTree = "<group>";
		};
		C2FA5FAF4A56A30E8892CAA0 /* Frameworks */ = {
			isa = PBXGroup;
			children = (
			);
			name = Frameworks;
			sourceTree = "<group>";
		};
/* End PBXGroup section */

/* Begin PBXNativeTarget section */
		9221B9222441E25F003C0F98 /* PasswordVault */ = {
			isa = PBXNativeTarget;
			buildConfigurationList = 9221B93A2441E268003C0F98 /* Build configuration list for PBXNativeTarget "PasswordVault" */;
			buildPhases = (
				9221B91F2441E25F003C0F98 /* Sources */,
				9221B9202441E25F003C0F98 /* Frameworks */,
				9221B9212441E25F003C0F98 /* Resources */,
			);
			buildRules = (
			);
			dependencies = (
			);
			name = PasswordVault;
			productName = PasswordVault;
			productReference = 9221B9232441E25F003C0F98 /* PasswordVault.app */;
			productType = "com.apple.product-type.application";
		};
/* End PBXNativeTarget section */

/* Begin PBXProject section */
		9221B91B2441E25F003C0F98 /* Project object */ = {
			isa = PBXProject;
			attributes = {
				LastSwiftUpdateCheck = 1140;
				LastUpgradeCheck = 1140;
				ORGANIZATIONNAME = "Gulshan Mandal";
				TargetAttributes = {
					9221B9222441E25F003C0F98 = {
						CreatedOnToolsVersion = 11.4;
					};
				};
			};
			buildConfigurationList = 9221B91E2441E25F003C0F98 /* Build configuration list for PBXProject "PasswordVault" */;
			compatibilityVersion = "Xcode 9.3";
			developmentRegion = en;
			hasScannedForEncodings = 0;
			knownRegions = (
				en,
				Base,
			);
			mainGroup = 9221B91A2441E25F003C0F98;
			productRefGroup = 9221B9242441E25F003C0F98 /* Products */;
			projectDirPath = "";
			projectRoot = "";
			targets = (
				9221B9222441E25F003C0F98 /* PasswordVault */,
			);
		};
/* End PBXProject section */

/* Begin PBXResourcesBuildPhase section */
		9221B9212441E25F003C0F98 /* Resources */ = {
			isa = PBXResourcesBuildPhase;
			buildActionMask = 2147483647;
			files = (
				9221B9362441E268003C0F98 /* LaunchScreen.storyboard in Resources */,
				9221B9332441E268003C0F98 /* Preview Assets.xcassets in Resources */,
				9221B9302441E268003C0F98 /* Assets.xcassets in Resources */,
			);
			runOnlyForDeploymentPostprocessing = 0;
		};
/* End PBXResourcesBuildPhase section */

/* Begin PBXSourcesBuildPhase section */
		9221B91F2441E25F003C0F98 /* Sources */ = {
			isa = PBXSourcesBuildPhase;
			buildActionMask = 2147483647;
			files = (
				9217F6322442216500236918 /* ItemRootView.swift in Sources */,
				9221B92C2441E25F003C0F98 /* PasswordVault.xcdatamodeld in Sources */,
				9221B9272441E25F003C0F98 /* AppDelegate.swift in Sources */,
				9221B92E2441E25F003C0F98 /* ContentView.swift in Sources */,
				9221B9292441E25F003C0F98 /* SceneDelegate.swift in Sources */,
			);
			runOnlyForDeploymentPostprocessing = 0;
		};
/* End PBXSourcesBuildPhase section */

/* Begin PBXVariantGroup section */
		9221B9342441E268003C0F98 /* LaunchScreen.storyboard */ = {
			isa = PBXVariantGroup;
			children = (
				9221B9352441E268003C0F98 /* Base */,
			);
			name = LaunchScreen.storyboard;
			sourceTree = "<group>";
		};
/* End PBXVariantGroup section */

/* Begin XCBuildConfiguration section */
		9221B9382441E268003C0F98 /* Debug */ = {
			isa = XCBuildConfiguration;
			buildSettings = {
				ALWAYS_SEARCH_USER_PATHS = NO;
				CLANG_ANALYZER_NONNULL = YES;
				CLANG_ANALYZER_NUMBER_OBJECT_CONVERSION = YES_AGGRESSIVE;
				CLANG_CXX_LANGUAGE_STANDARD = "gnu++14";
				CLANG_CXX_LIBRARY = "libc++";
				CLANG_ENABLE_MODULES = YES;
				CLANG_ENABLE_OBJC_ARC = YES;
				CLANG_ENABLE_OBJC_WEAK = YES;
				CLANG_WARN_BLOCK_CAPTURE_AUTORELEASING = YES;
				CLANG_WARN_BOOL_CONVERSION = YES;
				CLANG_WARN_COMMA = YES;
				CLANG_WARN_CONSTANT_CONVERSION = YES;
				CLANG_WARN_DEPRECATED_OBJC_IMPLEMENTATIONS = YES;
				CLANG_WARN_DIRECT_OBJC_ISA_USAGE = YES_ERROR;
				CLANG_WARN_DOCUMENTATION_COMMENTS = YES;
				CLANG_WARN_EMPTY_BODY = YES;
				CLANG_WARN_ENUM_CONVERSION = YES;
				CLANG_WARN_INFINITE_RECURSION = YES;
				CLANG_WARN_INT_CONVERSION = YES;
				CLANG_WARN_NON_LITERAL_NULL_CONVERSION = YES;
				CLANG_WARN_OBJC_IMPLICIT_RETAIN_SELF = YES;
				CLANG_WARN_OBJC_LITERAL_CONVERSION = YES;
				CLANG_WARN_OBJC_ROOT_CLASS = YES_ERROR;
				CLANG_WARN_RANGE_LOOP_ANALYSIS = YES;
				CLANG_WARN_STRICT_PROTOTYPES = YES;
				CLANG_WARN_SUSPICIOUS_MOVE = YES;
				CLANG_WARN_UNGUARDED_AVAILABILITY = YES_AGGRESSIVE;
				CLANG_WARN_UNREACHABLE_CODE = YES;
				CLANG_WARN__DUPLICATE_METHOD_MATCH = YES;
				COPY_PHASE_STRIP = NO;
				DEBUG_INFORMATION_FORMAT = dwarf;
				ENABLE_STRICT_OBJC_MSGSEND = YES;
				ENABLE_TESTABILITY = YES;
				GCC_C_LANGUAGE_STANDARD = gnu11;
				GCC_DYNAMIC_NO_PIC = NO;
				GCC_NO_COMMON_BLOCKS = YES;
				GCC_OPTIMIZATION_LEVEL = 0;
				GCC_PREPROCESSOR_DEFINITIONS = (
					"DEBUG=1",
					"$(inherited)",
				);
				GCC_WARN_64_TO_32_BIT_CONVERSION = YES;
				GCC_WARN_ABOUT_RETURN_TYPE = YES_ERROR;
				GCC_WARN_UNDECLARED_SELECTOR = YES;
				GCC_WARN_UNINITIALIZED_AUTOS = YES_AGGRESSIVE;
				GCC_WARN_UNUSED_FUNCTION = YES;
				GCC_WARN_UNUSED_VARIABLE = YES;
				IPHONEOS_DEPLOYMENT_TARGET = 13.4;
				MTL_ENABLE_DEBUG_INFO = INCLUDE_SOURCE;
				MTL_FAST_MATH = YES;
				ONLY_ACTIVE_ARCH = YES;
				SDKROOT = iphoneos;
				SWIFT_ACTIVE_COMPILATION_CONDITIONS = DEBUG;
				SWIFT_OPTIMIZATION_LEVEL = "-Onone";
			};
			name = Debug;
		};
		9221B9392441E268003C0F98 /* Release */ = {
			isa = XCBuildConfiguration;
			buildSettings = {
				ALWAYS_SEARCH_USER_PATHS = NO;
				CLANG_ANALYZER_NONNULL = YES;
				CLANG_ANALYZER_NUMBER_OBJECT_CONVERSION = YES_AGGRESSIVE;
				CLANG_CXX_LANGUAGE_STANDARD = "gnu++14";
				CLANG_CXX_LIBRARY = "libc++";
				CLANG_ENABLE_MODULES = YES;
				CLANG_ENABLE_OBJC_ARC = YES;
				CLANG_ENABLE_OBJC_WEAK = YES;
				CLANG_WARN_BLOCK_CAPTURE_AUTORELEASING = YES;
				CLANG_WARN_BOOL_CONVERSION = YES;
				CLANG_WARN_COMMA = YES;
				CLANG_WARN_CONSTANT_CONVERSION = YES;
				CLANG_WARN_DEPRECATED_OBJC_IMPLEMENTATIONS = YES;
				CLANG_WARN_DIRECT_OBJC_ISA_USAGE = YES_ERROR;
				CLANG_WARN_DOCUMENTATION_COMMENTS = YES;
				CLANG_WARN_EMPTY_BODY = YES;
				CLANG_WARN_ENUM_CONVERSION = YES;
				CLANG_WARN_INFINITE_RECURSION = YES;
				CLANG_WARN_INT_CONVERSION = YES;
				CLANG_WARN_NON_LITERAL_NULL_CONVERSION = YES;
				CLANG_WARN_OBJC_IMPLICIT_RETAIN_SELF = YES;
				CLANG_WARN_OBJC_LITERAL_CONVERSION = YES;
				CLANG_WARN_OBJC_ROOT_CLASS = YES_ERROR;
				CLANG_WARN_RANGE_LOOP_ANALYSIS = YES;
				CLANG_WARN_STRICT_PROTOTYPES = YES;
				CLANG_WARN_SUSPICIOUS_MOVE = YES;
				CLANG_WARN_UNGUARDED_AVAILABILITY = YES_AGGRESSIVE;
				CLANG_WARN_UNREACHABLE_CODE = YES;
				CLANG_WARN__DUPLICATE_METHOD_MATCH = YES;
				COPY_PHASE_STRIP = NO;
				DEBUG_INFORMATION_FORMAT = "dwarf-with-dsym";
				ENABLE_NS_ASSERTIONS = NO;
				ENABLE_STRICT_OBJC_MSGSEND = YES;
				GCC_C_LANGUAGE_STANDARD = gnu11;
				GCC_NO_COMMON_BLOCKS = YES;
				GCC_WARN_64_TO_32_BIT_CONVERSION = YES;
				GCC_WARN_ABOUT_RETURN_TYPE = YES_ERROR;
				GCC_WARN_UNDECLARED_SELECTOR = YES;
				GCC_WARN_UNINITIALIZED_AUTOS = YES_AGGRESSIVE;
				GCC_WARN_UNUSED_FUNCTION = YES;
				GCC_WARN_UNUSED_VARIABLE = YES;
				IPHONEOS_DEPLOYMENT_TARGET = 13.4;
				MTL_ENABLE_DEBUG_INFO = NO;
				MTL_FAST_MATH = YES;
				SDKROOT = iphoneos;
				SWIFT_COMPILATION_MODE = wholemodule;
				SWIFT_OPTIMIZATION_LEVEL = "-O";
				VALIDATE_PRODUCT = YES;
			};
			name = Release;
		};
		9221B93B2441E268003C0F98 /* Debug */ = {
			isa = XCBuildConfiguration;
			buildSettings = {
				ASSETCATALOG_COMPILER_APPICON_NAME = AppIcon;
				CODE_SIGN_STYLE = Automatic;
				DEVELOPMENT_ASSET_PATHS = "\"PasswordVault/Preview Content\"";
				ENABLE_PREVIEWS = YES;
				INFOPLIST_FILE = PasswordVault/Info.plist;
				LD_RUNPATH_SEARCH_PATHS = (
					"$(inherited)",
					"@executable_path/Frameworks",
				);
				PRODUCT_BUNDLE_IDENTIFIER = com.inspire.PasswordVault;
				PRODUCT_NAME = "$(TARGET_NAME)";
				SWIFT_VERSION = 5.0;
				TARGETED_DEVICE_FAMILY = "1,2";
			};
			name = Debug;
		};
		9221B93C2441E268003C0F98 /* Release */ = {
			isa = XCBuildConfiguration;
			buildSettings = {
				ASSETCATALOG_COMPILER_APPICON_NAME = AppIcon;
				CODE_SIGN_STYLE = Automatic;
				DEVELOPMENT_ASSET_PATHS = "\"PasswordVault/Preview Content\"";
				ENABLE_PREVIEWS = YES;
				INFOPLIST_FILE = PasswordVault/Info.plist;
				LD_RUNPATH_SEARCH_PATHS = (
					"$(inherited)",
					"@executable_path/Frameworks",
				);
				PRODUCT_BUNDLE_IDENTIFIER = com.inspire.PasswordVault;
				PRODUCT_NAME = "$(TARGET_NAME)";
				SWIFT_VERSION = 5.0;
				TARGETED_DEVICE_FAMILY = "1,2";
			};
			name = Release;
		};
/* End XCBuildConfiguration section */

/* Begin XCConfigurationList section */
		9221B91E2441E25F003C0F98 /* Build configuration list for PBXProject "PasswordVault" */ = {
			isa = XCConfigurationList;
			buildConfigurations = (
				9221B9382441E268003C0F98 /* Debug */,
				9221B9392441E268003C0F98 /* Release */,
			);
			defaultConfigurationIsVisible = 0;
			defaultConfigurationName = Release;
		};
		9221B93A2441E268003C0F98 /* Build configuration list for PBXNativeTarget "PasswordVault" */ = {
			isa = XCConfigurationList;
			buildConfigurations = (
				9221B93B2441E268003C0F98 /* Debug */,
				9221B93C2441E268003C0F98 /* Release */,
			);
			defaultConfigurationIsVisible = 0;
			defaultConfigurationName = Release;
		};
/* End XCConfigurationList section */

/* Begin XCVersionGroup section */
		9221B92A2441E25F003C0F98 /* PasswordVault.xcdatamodeld */ = {
			isa = XCVersionGroup;
			children = (
				9221B92B2441E25F003C0F98 /* PasswordVault.xcdatamodel */,
			);
			currentVersion = 9221B92B2441E25F003C0F98 /* PasswordVault.xcdatamodel */;
			path = PasswordVault.xcdatamodeld;
			sourceTree = "<group>";
			versionGroupType = wrapper.xcdatamodel;
		};
/* End XCVersionGroup section */
	};
	rootObject = 9221B91B2441E25F003C0F98 /* Project object */;
}
